
Microsoft Visual Studio Solution File, Format Version 12.00
# Visual Studio Version 16
VisualStudioVersion = 16.0.31410.357
MinimumVisualStudioVersion = 10.0.40219.1
Project("{9A19103F-16F7-4668-BE54-9A1E7A4F7556}") = "webapi", "WebAPI\webapi.csproj", "{62C32298-ED36-4B71-BB6B-28B4460D159A}"
EndProject
Global
	GlobalSection(SolutionConfigurationPlatforms) = preSolution
		Debug|Any CPU = Debug|Any CPU
		Release|Any CPU = Release|Any CPU
	EndGlobalSection
	GlobalSection(ProjectConfigurationPlatforms) = postSolution
		{62C32298-ED36-4B71-BB6B-28B4460D159A}.Debug|Any CPU.ActiveCfg = Debug|Any CPU
		{62C32298-ED36-4B71-BB6B-28B4460D159A}.Debug|Any CPU.Build.0 = Debug|Any CPU
		{62C32298-ED36-4B71-BB6B-28B4460D159A}.Release|Any CPU.ActiveCfg = Release|Any CPU
		{62C32298-ED36-4B71-BB6B-28B4460D159A}.Release|Any CPU.Build.0 = Release|Any CPU
	EndGlobalSection
	GlobalSection(SolutionProperties) = preSolution
		HideSolutionNode = FALSE
	EndGlobalSection
	GlobalSection(ExtensibilityGlobals) = postSolution
		SolutionGuid = {09EFFB64-92BA-450C-8FE8-1D2599F05D17}
	EndGlobalSection
EndGlobal
